
Microsoft Visual Studio Solution File, Format Version 12.00
# Visual Studio 2013
VisualStudioVersion = 12.0.21005.1
MinimumVisualStudioVersion = 10.0.40219.1
Project("{2150E333-8FDC-42A3-9474-1A3956D46DE8}") = "1- Creational Patterns", "1- Creational Patterns", "{BD5A7F71-3850-4DAD-90DB-FB9BEF327382}"
EndProject
Project("{FAE04EC0-301F-11D3-BF4B-00C04F79EFBC}") = "FactoryMethodPattern", "FactoryMethodPattern\FactoryMethodPattern.csproj", "{B8201BB0-1635-45D5-BA2A-73120056212C}"
EndProject
Project("{FAE04EC0-301F-11D3-BF4B-00C04F79EFBC}") = "AbstractFactoryPattern", "AbstractFactoryPattern\AbstractFactoryPattern.csproj", "{66EE4313-5BE3-471D-887F-4A54E2C10119}"
EndProject
Project("{FAE04EC0-301F-11D3-BF4B-00C04F79EFBC}") = "PrototypePattern", "PrototypePattern\PrototypePattern.csproj", "{B9998A08-DFB6-48CE-9F4F-D05FB276765D}"
EndProject
Project("{FAE04EC0-301F-11D3-BF4B-00C04F79EFBC}") = "BuilderPattern", "BuilderPattern\BuilderPattern.csproj", "{75A2082D-07F4-44B8-BF17-F68FEBF56FE2}"
EndProject
Project("{FAE04EC0-301F-11D3-BF4B-00C04F79EFBC}") = "SingletonPattern", "SingletonPattern\SingletonPattern.csproj", "{AC88BB6F-51C0-45C8-9765-365DED686DFB}"
EndProject
Project("{2150E333-8FDC-42A3-9474-1A3956D46DE8}") = "2- Structural Patterns", "2- Structural Patterns", "{827477F4-6DBC-4946-ABDA-BCE4224A8E8E}"
EndProject
Project("{FAE04EC0-301F-11D3-BF4B-00C04F79EFBC}") = "AdapterPattern", "AdapterPattern\AdapterPattern.csproj", "{DCF6A5A2-1C8C-4675-B368-EB6337B95EF5}"
EndProject
Project("{FAE04EC0-301F-11D3-BF4B-00C04F79EFBC}") = "BridgePattern", "BridgePattern\BridgePattern.csproj", "{C1FC98AF-6F09-4E71-8C86-88129FC25EFC}"
EndProject
Project("{FAE04EC0-301F-11D3-BF4B-00C04F79EFBC}") = "CompositePattern", "CompositePattern\CompositePattern.csproj", "{3A16728C-EA87-4B4E-90ED-0B9B9FACBC70}"
EndProject
Project("{FAE04EC0-301F-11D3-BF4B-00C04F79EFBC}") = "DecoratorPattern", "DecoratorPattern\DecoratorPattern.csproj", "{A4618B81-F6BF-4330-BCB3-E6BF7D6D4D48}"
EndProject
Project("{FAE04EC0-301F-11D3-BF4B-00C04F79EFBC}") = "FacadePattern", "FacadePattern\FacadePattern.csproj", "{D5B51AB6-188B-4E24-AE08-7A49FFF28120}"
EndProject
Project("{FAE04EC0-301F-11D3-BF4B-00C04F79EFBC}") = "FlyweightPattern", "FlyweightPattern\FlyweightPattern.csproj", "{CDC30DDA-146F-418A-B847-A93A5118DC48}"
EndProject
Project("{FAE04EC0-301F-11D3-BF4B-00C04F79EFBC}") = "ProxyPattern", "ProxyPattern\ProxyPattern.csproj", "{FADE59D0-CB73-4906-851C-D66A0AF06FAE}"
EndProject
Project("{2150E333-8FDC-42A3-9474-1A3956D46DE8}") = "3 - Behavioral Patterns", "3 - Behavioral Patterns", "{2263DED8-F808-4D63-AC3D-6C244B3823FA}"
EndProject
Project("{FAE04EC0-301F-11D3-BF4B-00C04F79EFBC}") = "ChainOfResponsibilityPattern", "ChainOfResponsibilityPattern\ChainOfResponsibilityPattern.csproj", "{0786044C-2CE3-4242-A922-754B642D0AFB}"
EndProject
Project("{FAE04EC0-301F-11D3-BF4B-00C04F79EFBC}") = "CommandPattern", "CommandPattern\CommandPattern.csproj", "{73C15A8C-EAAB-4480-8ADC-621C4DAE9195}"
EndProject
Project("{FAE04EC0-301F-11D3-BF4B-00C04F79EFBC}") = "InterpreterPattern", "InterpreterPattern\InterpreterPattern.csproj", "{AF875C43-ADC8-491A-B1AD-592B53CD8CE8}"
EndProject
Project("{FAE04EC0-301F-11D3-BF4B-00C04F79EFBC}") = "IteratorPattern", "IteratorPattern\IteratorPattern.csproj", "{822EF38D-95AD-4D57-8F70-212F60FA7BC0}"
EndProject
Project("{FAE04EC0-301F-11D3-BF4B-00C04F79EFBC}") = "MediatorPattern", "MediatorPattern\MediatorPattern.csproj", "{609ACC74-EA84-403D-A9E9-48DD89DDC71D}"
EndProject
Project("{FAE04EC0-301F-11D3-BF4B-00C04F79EFBC}") = "MementoPattern", "MementoPattern\MementoPattern.csproj", "{D84F359F-ECCF-4529-9252-52A3E490B4AE}"
EndProject
Project("{FAE04EC0-301F-11D3-BF4B-00C04F79EFBC}") = "ObserverPattern", "ObserverPattern\ObserverPattern.csproj", "{30DC7E2E-3B94-4FF1-8311-142330141455}"
EndProject
Project("{FAE04EC0-301F-11D3-BF4B-00C04F79EFBC}") = "StatePattern", "StatePattern\StatePattern.csproj", "{33952E5C-066D-4A3B-BD9F-FA58E1B3A4F7}"
EndProject
Project("{FAE04EC0-301F-11D3-BF4B-00C04F79EFBC}") = "StrategyPattern", "StrategyPattern\StrategyPattern.csproj", "{345AD55D-4E46-44F4-B24D-C36BB0812FFD}"
EndProject
Project("{FAE04EC0-301F-11D3-BF4B-00C04F79EFBC}") = "TemplateMethodPattern", "TemplateMethodPattern\TemplateMethodPattern.csproj", "{91E72CC3-B251-4C17-9800-17DB0535776F}"
EndProject
Project("{FAE04EC0-301F-11D3-BF4B-00C04F79EFBC}") = "VisitorPattern", "VisitorPattern\VisitorPattern.csproj", "{BC5B08A1-36B9-4D74-8513-5C754E11BADC}"
EndProject
Global
	GlobalSection(SolutionConfigurationPlatforms) = preSolution
		Debug|Any CPU = Debug|Any CPU
		Release|Any CPU = Release|Any CPU
	EndGlobalSection
	GlobalSection(ProjectConfigurationPlatforms) = postSolution
		{B8201BB0-1635-45D5-BA2A-73120056212C}.Debug|Any CPU.ActiveCfg = Debug|Any CPU
		{B8201BB0-1635-45D5-BA2A-73120056212C}.Debug|Any CPU.Build.0 = Debug|Any CPU
		{B8201BB0-1635-45D5-BA2A-73120056212C}.Release|Any CPU.ActiveCfg = Release|Any CPU
		{B8201BB0-1635-45D5-BA2A-73120056212C}.Release|Any CPU.Build.0 = Release|Any CPU
		{66EE4313-5BE3-471D-887F-4A54E2C10119}.Debug|Any CPU.ActiveCfg = Debug|Any CPU
		{66EE4313-5BE3-471D-887F-4A54E2C10119}.Debug|Any CPU.Build.0 = Debug|Any CPU
		{66EE4313-5BE3-471D-887F-4A54E2C10119}.Release|Any CPU.ActiveCfg = Release|Any CPU
		{66EE4313-5BE3-471D-887F-4A54E2C10119}.Release|Any CPU.Build.0 = Release|Any CPU
		{B9998A08-DFB6-48CE-9F4F-D05FB276765D}.Debug|Any CPU.ActiveCfg = Debug|Any CPU
		{B9998A08-DFB6-48CE-9F4F-D05FB276765D}.Debug|Any CPU.Build.0 = Debug|Any CPU
		{B9998A08-DFB6-48CE-9F4F-D05FB276765D}.Release|Any CPU.ActiveCfg = Release|Any CPU
		{B9998A08-DFB6-48CE-9F4F-D05FB276765D}.Release|Any CPU.Build.0 = Release|Any CPU
		{75A2082D-07F4-44B8-BF17-F68FEBF56FE2}.Debug|Any CPU.ActiveCfg = Debug|Any CPU
		{75A2082D-07F4-44B8-BF17-F68FEBF56FE2}.Debug|Any CPU.Build.0 = Debug|Any CPU
		{75A2082D-07F4-44B8-BF17-F68FEBF56FE2}.Release|Any CPU.ActiveCfg = Release|Any CPU
		{75A2082D-07F4-44B8-BF17-F68FEBF56FE2}.Release|Any CPU.Build.0 = Release|Any CPU
		{AC88BB6F-51C0-45C8-9765-365DED686DFB}.Debug|Any CPU.ActiveCfg = Debug|Any CPU
		{AC88BB6F-51C0-45C8-9765-365DED686DFB}.Debug|Any CPU.Build.0 = Debug|Any CPU
		{AC88BB6F-51C0-45C8-9765-365DED686DFB}.Release|Any CPU.ActiveCfg = Release|Any CPU
		{AC88BB6F-51C0-45C8-9765-365DED686DFB}.Release|Any CPU.Build.0 = Release|Any CPU
		{DCF6A5A2-1C8C-4675-B368-EB6337B95EF5}.Debug|Any CPU.ActiveCfg = Debug|Any CPU
		{DCF6A5A2-1C8C-4675-B368-EB6337B95EF5}.Debug|Any CPU.Build.0 = Debug|Any CPU
		{DCF6A5A2-1C8C-4675-B368-EB6337B95EF5}.Release|Any CPU.ActiveCfg = Release|Any CPU
		{DCF6A5A2-1C8C-4675-B368-EB6337B95EF5}.Release|Any CPU.Build.0 = Release|Any CPU
		{C1FC98AF-6F09-4E71-8C86-88129FC25EFC}.Debug|Any CPU.ActiveCfg = Debug|Any CPU
		{C1FC98AF-6F09-4E71-8C86-88129FC25EFC}.Debug|Any CPU.Build.0 = Debug|Any CPU
		{C1FC98AF-6F09-4E71-8C86-88129FC25EFC}.Release|Any CPU.ActiveCfg = Release|Any CPU
		{C1FC98AF-6F09-4E71-8C86-88129FC25EFC}.Release|Any CPU.Build.0 = Release|Any CPU
		{3A16728C-EA87-4B4E-90ED-0B9B9FACBC70}.Debug|Any CPU.ActiveCfg = Debug|Any CPU
		{3A16728C-EA87-4B4E-90ED-0B9B9FACBC70}.Debug|Any CPU.Build.0 = Debug|Any CPU
		{3A16728C-EA87-4B4E-90ED-0B9B9FACBC70}.Release|Any CPU.ActiveCfg = Release|Any CPU
		{3A16728C-EA87-4B4E-90ED-0B9B9FACBC70}.Release|Any CPU.Build.0 = Release|Any CPU
		{A4618B81-F6BF-4330-BCB3-E6BF7D6D4D48}.Debug|Any CPU.ActiveCfg = Debug|Any CPU
		{A4618B81-F6BF-4330-BCB3-E6BF7D6D4D48}.Debug|Any CPU.Build.0 = Debug|Any CPU
		{A4618B81-F6BF-4330-BCB3-E6BF7D6D4D48}.Release|Any CPU.ActiveCfg = Release|Any CPU
		{A4618B81-F6BF-4330-BCB3-E6BF7D6D4D48}.Release|Any CPU.Build.0 = Release|Any CPU
		{D5B51AB6-188B-4E24-AE08-7A49FFF28120}.Debug|Any CPU.ActiveCfg = Debug|Any CPU
		{D5B51AB6-188B-4E24-AE08-7A49FFF28120}.Debug|Any CPU.Build.0 = Debug|Any CPU
		{D5B51AB6-188B-4E24-AE08-7A49FFF28120}.Release|Any CPU.ActiveCfg = Release|Any CPU
		{D5B51AB6-188B-4E24-AE08-7A49FFF28120}.Release|Any CPU.Build.0 = Release|Any CPU
		{CDC30DDA-146F-418A-B847-A93A5118DC48}.Debug|Any CPU.ActiveCfg = Debug|Any CPU
		{CDC30DDA-146F-418A-B847-A93A5118DC48}.Debug|Any CPU.Build.0 = Debug|Any CPU
		{CDC30DDA-146F-418A-B847-A93A5118DC48}.Release|Any CPU.ActiveCfg = Release|Any CPU
		{CDC30DDA-146F-418A-B847-A93A5118DC48}.Release|Any CPU.Build.0 = Release|Any CPU
		{FADE59D0-CB73-4906-851C-D66A0AF06FAE}.Debug|Any CPU.ActiveCfg = Debug|Any CPU
		{FADE59D0-CB73-4906-851C-D66A0AF06FAE}.Debug|Any CPU.Build.0 = Debug|Any CPU
		{FADE59D0-CB73-4906-851C-D66A0AF06FAE}.Release|Any CPU.ActiveCfg = Release|Any CPU
		{FADE59D0-CB73-4906-851C-D66A0AF06FAE}.Release|Any CPU.Build.0 = Release|Any CPU
		{0786044C-2CE3-4242-A922-754B642D0AFB}.Debug|Any CPU.ActiveCfg = Debug|Any CPU
		{0786044C-2CE3-4242-A922-754B642D0AFB}.Debug|Any CPU.Build.0 = Debug|Any CPU
		{0786044C-2CE3-4242-A922-754B642D0AFB}.Release|Any CPU.ActiveCfg = Release|Any CPU
		{0786044C-2CE3-4242-A922-754B642D0AFB}.Release|Any CPU.Build.0 = Release|Any CPU
		{73C15A8C-EAAB-4480-8ADC-621C4DAE9195}.Debug|Any CPU.ActiveCfg = Debug|Any CPU
		{73C15A8C-EAAB-4480-8ADC-621C4DAE9195}.Debug|Any CPU.Build.0 = Debug|Any CPU
		{73C15A8C-EAAB-4480-8ADC-621C4DAE9195}.Release|Any CPU.ActiveCfg = Release|Any CPU
		{73C15A8C-EAAB-4480-8ADC-621C4DAE9195}.Release|Any CPU.Build.0 = Release|Any CPU
		{AF875C43-ADC8-491A-B1AD-592B53CD8CE8}.Debug|Any CPU.ActiveCfg = Debug|Any CPU
		{AF875C43-ADC8-491A-B1AD-592B53CD8CE8}.Debug|Any CPU.Build.0 = Debug|Any CPU
		{AF875C43-ADC8-491A-B1AD-592B53CD8CE8}.Release|Any CPU.ActiveCfg = Release|Any CPU
		{AF875C43-ADC8-491A-B1AD-592B53CD8CE8}.Release|Any CPU.Build.0 = Release|Any CPU
		{822EF38D-95AD-4D57-8F70-212F60FA7BC0}.Debug|Any CPU.ActiveCfg = Debug|Any CPU
		{822EF38D-95AD-4D57-8F70-212F60FA7BC0}.Debug|Any CPU.Build.0 = Debug|Any CPU
		{822EF38D-95AD-4D57-8F70-212F60FA7BC0}.Release|Any CPU.ActiveCfg = Release|Any CPU
		{822EF38D-95AD-4D57-8F70-212F60FA7BC0}.Release|Any CPU.Build.0 = Release|Any CPU
		{609ACC74-EA84-403D-A9E9-48DD89DDC71D}.Debug|Any CPU.ActiveCfg = Debug|Any CPU
		{609ACC74-EA84-403D-A9E9-48DD89DDC71D}.Debug|Any CPU.Build.0 = Debug|Any CPU
		{609ACC74-EA84-403D-A9E9-48DD89DDC71D}.Release|Any CPU.ActiveCfg = Release|Any CPU
		{609ACC74-EA84-403D-A9E9-48DD89DDC71D}.Release|Any CPU.Build.0 = Release|Any CPU
		{D84F359F-ECCF-4529-9252-52A3E490B4AE}.Debug|Any CPU.ActiveCfg = Debug|Any CPU
		{D84F359F-ECCF-4529-9252-52A3E490B4AE}.Debug|Any CPU.Build.0 = Debug|Any CPU
		{D84F359F-ECCF-4529-9252-52A3E490B4AE}.Release|Any CPU.ActiveCfg = Release|Any CPU
		{D84F359F-ECCF-4529-9252-52A3E490B4AE}.Release|Any CPU.Build.0 = Release|Any CPU
		{30DC7E2E-3B94-4FF1-8311-142330141455}.Debug|Any CPU.ActiveCfg = Debug|Any CPU
		{30DC7E2E-3B94-4FF1-8311-142330141455}.Debug|Any CPU.Build.0 = Debug|Any CPU
		{30DC7E2E-3B94-4FF1-8311-142330141455}.Release|Any CPU.ActiveCfg = Release|Any CPU
		{30DC7E2E-3B94-4FF1-8311-142330141455}.Release|Any CPU.Build.0 = Release|Any CPU
		{33952E5C-066D-4A3B-BD9F-FA58E1B3A4F7}.Debug|Any CPU.ActiveCfg = Debug|Any CPU
		{33952E5C-066D-4A3B-BD9F-FA58E1B3A4F7}.Debug|Any CPU.Build.0 = Debug|Any CPU
		{33952E5C-066D-4A3B-BD9F-FA58E1B3A4F7}.Release|Any CPU.ActiveCfg = Release|Any CPU
		{33952E5C-066D-4A3B-BD9F-FA58E1B3A4F7}.Release|Any CPU.Build.0 = Release|Any CPU
		{345AD55D-4E46-44F4-B24D-C36BB0812FFD}.Debug|Any CPU.ActiveCfg = Debug|Any CPU
		{345AD55D-4E46-44F4-B24D-C36BB0812FFD}.Debug|Any CPU.Build.0 = Debug|Any CPU
		{345AD55D-4E46-44F4-B24D-C36BB0812FFD}.Release|Any CPU.ActiveCfg = Release|Any CPU
		{345AD55D-4E46-44F4-B24D-C36BB0812FFD}.Release|Any CPU.Build.0 = Release|Any CPU
		{91E72CC3-B251-4C17-9800-17DB0535776F}.Debug|Any CPU.ActiveCfg = Debug|Any CPU
		{91E72CC3-B251-4C17-9800-17DB0535776F}.Debug|Any CPU.Build.0 = Debug|Any CPU
		{91E72CC3-B251-4C17-9800-17DB0535776F}.Release|Any CPU.ActiveCfg = Release|Any CPU
		{91E72CC3-B251-4C17-9800-17DB0535776F}.Release|Any CPU.Build.0 = Release|Any CPU
		{BC5B08A1-36B9-4D74-8513-5C754E11BADC}.Debug|Any CPU.ActiveCfg = Debug|Any CPU
		{BC5B08A1-36B9-4D74-8513-5C754E11BADC}.Debug|Any CPU.Build.0 = Debug|Any CPU
		{BC5B08A1-36B9-4D74-8513-5C754E11BADC}.Release|Any CPU.ActiveCfg = Release|Any CPU
		{BC5B08A1-36B9-4D74-8513-5C754E11BADC}.Release|Any CPU.Build.0 = Release|Any CPU
	EndGlobalSection
	GlobalSection(SolutionProperties) = preSolution
		HideSolutionNode = FALSE
	EndGlobalSection
	GlobalSection(NestedProjects) = preSolution
		{B8201BB0-1635-45D5-BA2A-73120056212C} = {BD5A7F71-3850-4DAD-90DB-FB9BEF327382}
		{66EE4313-5BE3-471D-887F-4A54E2C10119} = {BD5A7F71-3850-4DAD-90DB-FB9BEF327382}
		{B9998A08-DFB6-48CE-9F4F-D05FB276765D} = {BD5A7F71-3850-4DAD-90DB-FB9BEF327382}
		{75A2082D-07F4-44B8-BF17-F68FEBF56FE2} = {BD5A7F71-3850-4DAD-90DB-FB9BEF327382}
		{AC88BB6F-51C0-45C8-9765-365DED686DFB} = {BD5A7F71-3850-4DAD-90DB-FB9BEF327382}
		{DCF6A5A2-1C8C-4675-B368-EB6337B95EF5} = {827477F4-6DBC-4946-ABDA-BCE4224A8E8E}
		{C1FC98AF-6F09-4E71-8C86-88129FC25EFC} = {827477F4-6DBC-4946-ABDA-BCE4224A8E8E}
		{3A16728C-EA87-4B4E-90ED-0B9B9FACBC70} = {827477F4-6DBC-4946-ABDA-BCE4224A8E8E}
		{A4618B81-F6BF-4330-BCB3-E6BF7D6D4D48} = {827477F4-6DBC-4946-ABDA-BCE4224A8E8E}
		{D5B51AB6-188B-4E24-AE08-7A49FFF28120} = {827477F4-6DBC-4946-ABDA-BCE4224A8E8E}
		{CDC30DDA-146F-418A-B847-A93A5118DC48} = {827477F4-6DBC-4946-ABDA-BCE4224A8E8E}
		{FADE59D0-CB73-4906-851C-D66A0AF06FAE} = {827477F4-6DBC-4946-ABDA-BCE4224A8E8E}
		{0786044C-2CE3-4242-A922-754B642D0AFB} = {2263DED8-F808-4D63-AC3D-6C244B3823FA}
		{73C15A8C-EAAB-4480-8ADC-621C4DAE9195} = {2263DED8-F808-4D63-AC3D-6C244B3823FA}
		{AF875C43-ADC8-491A-B1AD-592B53CD8CE8} = {2263DED8-F808-4D63-AC3D-6C244B3823FA}
		{822EF38D-95AD-4D57-8F70-212F60FA7BC0} = {2263DED8-F808-4D63-AC3D-6C244B3823FA}
		{609ACC74-EA84-403D-A9E9-48DD89DDC71D} = {2263DED8-F808-4D63-AC3D-6C244B3823FA}
		{D84F359F-ECCF-4529-9252-52A3E490B4AE} = {2263DED8-F808-4D63-AC3D-6C244B3823FA}
		{30DC7E2E-3B94-4FF1-8311-142330141455} = {2263DED8-F808-4D63-AC3D-6C244B3823FA}
		{33952E5C-066D-4A3B-BD9F-FA58E1B3A4F7} = {2263DED8-F808-4D63-AC3D-6C244B3823FA}
		{345AD55D-4E46-44F4-B24D-C36BB0812FFD} = {2263DED8-F808-4D63-AC3D-6C244B3823FA}
		{91E72CC3-B251-4C17-9800-17DB0535776F} = {2263DED8-F808-4D63-AC3D-6C244B3823FA}
		{BC5B08A1-36B9-4D74-8513-5C754E11BADC} = {2263DED8-F808-4D63-AC3D-6C244B3823FA}
	EndGlobalSection
EndGlobal
